
Microsoft Visual Studio Solution File, Format Version 12.00
# Visual Studio 15
VisualStudioVersion = 15.0.28307.421
MinimumVisualStudioVersion = 10.0.40219.1
Project("{FAE04EC0-301F-11D3-BF4B-00C04F79EFBC}") = "vuejsTemplate", "vuejsTemplate\vuejsTemplate.csproj", "{48B16418-E587-46F8-B7B8-9370FF65A4EE}"
EndProject
Global
	GlobalSection(SolutionConfigurationPlatforms) = preSolution
		Debug|Any CPU = Debug|Any CPU
		Release|Any CPU = Release|Any CPU
	EndGlobalSection
	GlobalSection(ProjectConfigurationPlatforms) = postSolution
		{48B16418-E587-46F8-B7B8-9370FF65A4EE}.Debug|Any CPU.ActiveCfg = Debug|Any CPU
		{48B16418-E587-46F8-B7B8-9370FF65A4EE}.Debug|Any CPU.Build.0 = Debug|Any CPU
		{48B16418-E587-46F8-B7B8-9370FF65A4EE}.Release|Any CPU.ActiveCfg = Release|Any CPU
		{48B16418-E587-46F8-B7B8-9370FF65A4EE}.Release|Any CPU.Build.0 = Release|Any CPU
	EndGlobalSection
	GlobalSection(SolutionProperties) = preSolution
		HideSolutionNode = FALSE
	EndGlobalSection
	GlobalSection(ExtensibilityGlobals) = postSolution
		SolutionGuid = {49ABF1A3-2D8E-45DF-8256-01988CF4780C}
	EndGlobalSection
EndGlobal
